// !$*UTF8*$!
{
	archiveVersion = 1;
	classes = {
	};
	objectVersion = 46;
	objects = {

/* Begin PBXBuildFile section */
		04017A241F6522BD00F96AC3 /* SLEditViewController.swift in Sources */ = {isa = PBXBuildFile; fileRef = 04017A231F6522BD00F96AC3 /* SLEditViewController.swift */; };
		041635091F636AEA008460E7 /* AppDelegate.swift in Sources */ = {isa = PBXBuildFile; fileRef = 041635081F636AEA008460E7 /* AppDelegate.swift */; };
		041635101F636AEA008460E7 /* Main.storyboard in Resources */ = {isa = PBXBuildFile; fileRef = 0416350E1F636AEA008460E7 /* Main.storyboard */; };
		041635121F636AEA008460E7 /* Assets.xcassets in Resources */ = {isa = PBXBuildFile; fileRef = 041635111F636AEA008460E7 /* Assets.xcassets */; };
		041635151F636AEA008460E7 /* LaunchScreen.storyboard in Resources */ = {isa = PBXBuildFile; fileRef = 041635131F636AEA008460E7 /* LaunchScreen.storyboard */; };
		041635201F636AEA008460E7 /* ShoppingListTests.swift in Sources */ = {isa = PBXBuildFile; fileRef = 0416351F1F636AEA008460E7 /* ShoppingListTests.swift */; };
		0416352B1F636AEA008460E7 /* ShoppingListUITests.swift in Sources */ = {isa = PBXBuildFile; fileRef = 0416352A1F636AEA008460E7 /* ShoppingListUITests.swift */; };
		0416353A1F636FC6008460E7 /* SLShoppingListData.swift in Sources */ = {isa = PBXBuildFile; fileRef = 041635391F636FC6008460E7 /* SLShoppingListData.swift */; };
		04C671111F63850000FC1759 /* SLMainTableViewController.swift in Sources */ = {isa = PBXBuildFile; fileRef = 04C671101F63850000FC1759 /* SLMainTableViewController.swift */; };
/* End PBXBuildFile section */

/* Begin PBXContainerItemProxy section */
		0416351C1F636AEA008460E7 /* PBXContainerItemProxy */ = {
			isa = PBXContainerItemProxy;
			containerPortal = 041634FD1F636AEA008460E7 /* Project object */;
			proxyType = 1;
			remoteGlobalIDString = 041635041F636AEA008460E7;
			remoteInfo = ShoppingList;
		};
		041635271F636AEA008460E7 /* PBXContainerItemProxy */ = {
			isa = PBXContainerItemProxy;
			containerPortal = 041634FD1F636AEA008460E7 /* Project object */;
			proxyType = 1;
			remoteGlobalIDString = 041635041F636AEA008460E7;
			remoteInfo = ShoppingList;
		};
/* End PBXContainerItemProxy section */

/* Begin PBXFileReference section */
		04017A231F6522BD00F96AC3 /* SLEditViewController.swift */ = {isa = PBXFileReference; fileEncoding = 4; lastKnownFileType = sourcecode.swift; path = SLEditViewController.swift; sourceTree = "<group>"; };
		041635051F636AEA008460E7 /* ShoppingList.app */ = {isa = PBXFileReference; explicitFileType = wrapper.application; includeInIndex = 0; path = ShoppingList.app; sourceTree = BUILT_PRODUCTS_DIR; };
		041635081F636AEA008460E7 /* AppDelegate.swift */ = {isa = PBXFileReference; lastKnownFileType = sourcecode.swift; path = AppDelegate.swift; sourceTree = "<group>"; };
		0416350F1F636AEA008460E7 /* Base */ = {isa = PBXFileReference; lastKnownFileType = file.storyboard; name = Base; path = Base.lproj/Main.storyboard; sourceTree = "<group>"; };
		041635111F636AEA008460E7 /* Assets.xcassets */ = {isa = PBXFileReference; lastKnownFileType = folder.assetcatalog; path = Assets.xcassets; sourceTree = "<group>"; };
		041635141F636AEA008460E7 /* Base */ = {isa = PBXFileReference; lastKnownFileType = file.storyboard; name = Base; path = Base.lproj/LaunchScreen.storyboard; sourceTree = "<group>"; };
		041635161F636AEA008460E7 /* Info.plist */ = {isa = PBXFileReference; lastKnownFileType = text.plist.xml; path = Info.plist; sourceTree = "<group>"; };
		0416351B1F636AEA008460E7 /* ShoppingListTests.xctest */ = {isa = PBXFileReference; explicitFileType = wrapper.cfbundle; includeInIndex = 0; path = ShoppingListTests.xctest; sourceTree = BUILT_PRODUCTS_DIR; };
		0416351F1F636AEA008460E7 /* ShoppingListTests.swift */ = {isa = PBXFileReference; lastKnownFileType = sourcecode.swift; path = ShoppingListTests.swift; sourceTree = "<group>"; };
		041635211F636AEA008460E7 /* Info.plist */ = {isa = PBXFileReference; lastKnownFileType = text.plist.xml; path = Info.plist; sourceTree = "<group>"; };
		041635261F636AEA008460E7 /* ShoppingListUITests.xctest */ = {isa = PBXFileReference; explicitFileType = wrapper.cfbundle; includeInIndex = 0; path = ShoppingListUITests.xctest; sourceTree = BUILT_PRODUCTS_DIR; };
		0416352A1F636AEA008460E7 /* ShoppingListUITests.swift */ = {isa = PBXFileReference; lastKnownFileType = sourcecode.swift; path = ShoppingListUITests.swift; sourceTree = "<group>"; };
		0416352C1F636AEA008460E7 /* Info.plist */ = {isa = PBXFileReference; lastKnownFileType = text.plist.xml; path = Info.plist; sourceTree = "<group>"; };
		041635391F636FC6008460E7 /* SLShoppingListData.swift */ = {isa = PBXFileReference; fileEncoding = 4; lastKnownFileType = sourcecode.swift; path = SLShoppingListData.swift; sourceTree = "<group>"; };
		04C671101F63850000FC1759 /* SLMainTableViewController.swift */ = {isa = PBXFileReference; fileEncoding = 4; lastKnownFileType = sourcecode.swift; path = SLMainTableViewController.swift; sourceTree = "<group>"; };
/* End PBXFileReference section */

/* Begin PBXFrameworksBuildPhase section */
		041635021F636AEA008460E7 /* Frameworks */ = {
			isa = PBXFrameworksBuildPhase;
			buildActionMask = 2147483647;
			files = (
			);
			runOnlyForDeploymentPostprocessing = 0;
		};
		041635181F636AEA008460E7 /* Frameworks */ = {
			isa = PBXFrameworksBuildPhase;
			buildActionMask = 2147483647;
			files = (
			);
			runOnlyForDeploymentPostprocessing = 0;
		};
		041635231F636AEA008460E7 /* Frameworks */ = {
			isa = PBXFrameworksBuildPhase;
			buildActionMask = 2147483647;
			files = (
			);
			runOnlyForDeploymentPostprocessing = 0;
		};
/* End PBXFrameworksBuildPhase section */

/* Begin PBXGroup section */
		041634FC1F636AEA008460E7 = {
			isa = PBXGroup;
			children = (
				041635071F636AEA008460E7 /* ShoppingList */,
				0416351E1F636AEA008460E7 /* ShoppingListTests */,
				041635291F636AEA008460E7 /* ShoppingListUITests */,
				041635061F636AEA008460E7 /* Products */,
			);
			sourceTree = "<group>";
		};
		041635061F636AEA008460E7 /* Products */ = {
			isa = PBXGroup;
			children = (
				041635051F636AEA008460E7 /* ShoppingList.app */,
				0416351B1F636AEA008460E7 /* ShoppingListTests.xctest */,
				041635261F636AEA008460E7 /* ShoppingListUITests.xctest */,
			);
			name = Products;
			sourceTree = "<group>";
		};
		041635071F636AEA008460E7 /* ShoppingList */ = {
			isa = PBXGroup;
			children = (
				041635381F636F7C008460E7 /* singleton */,
				041635081F636AEA008460E7 /* AppDelegate.swift */,
				04C671101F63850000FC1759 /* SLMainTableViewController.swift */,
				04017A231F6522BD00F96AC3 /* SLEditViewController.swift */,
				0416350E1F636AEA008460E7 /* Main.storyboard */,
				041635111F636AEA008460E7 /* Assets.xcassets */,
				041635131F636AEA008460E7 /* LaunchScreen.storyboard */,
				041635161F636AEA008460E7 /* Info.plist */,
			);
			path = ShoppingList;
			sourceTree = "<group>";
		};
		0416351E1F636AEA008460E7 /* ShoppingListTests */ = {
			isa = PBXGroup;
			children = (
				0416351F1F636AEA008460E7 /* ShoppingListTests.swift */,
				041635211F636AEA008460E7 /* Info.plist */,
			);
			path = ShoppingListTests;
			sourceTree = "<group>";
		};
		041635291F636AEA008460E7 /* ShoppingListUITests */ = {
			isa = PBXGroup;
			children = (
				0416352A1F636AEA008460E7 /* ShoppingListUITests.swift */,
				0416352C1F636AEA008460E7 /* Info.plist */,
			);
			path = ShoppingListUITests;
			sourceTree = "<group>";
		};
		041635381F636F7C008460E7 /* singleton */ = {
			isa = PBXGroup;
			children = (
				041635391F636FC6008460E7 /* SLShoppingListData.swift */,
			);
			name = singleton;
			path = ..;
			sourceTree = "<group>";
		};
/* End PBXGroup section */

/* Begin PBXNativeTarget section */
		041635041F636AEA008460E7 /* ShoppingList */ = {
			isa = PBXNativeTarget;
			buildConfigurationList = 0416352F1F636AEA008460E7 /* Build configuration list for PBXNativeTarget "ShoppingList" */;
			buildPhases = (
				041635011F636AEA008460E7 /* Sources */,
				041635021F636AEA008460E7 /* Frameworks */,
				041635031F636AEA008460E7 /* Resources */,
			);
			buildRules = (
			);
			dependencies = (
			);
			name = ShoppingList;
			productName = ShoppingList;
			productReference = 041635051F636AEA008460E7 /* ShoppingList.app */;
			productType = "com.apple.product-type.application";
		};
		0416351A1F636AEA008460E7 /* ShoppingListTests */ = {
			isa = PBXNativeTarget;
			buildConfigurationList = 041635321F636AEA008460E7 /* Build configuration list for PBXNativeTarget "ShoppingListTests" */;
			buildPhases = (
				041635171F636AEA008460E7 /* Sources */,
				041635181F636AEA008460E7 /* Frameworks */,
				041635191F636AEA008460E7 /* Resources */,
			);
			buildRules = (
			);
			dependencies = (
				0416351D1F636AEA008460E7 /* PBXTargetDependency */,
			);
			name = ShoppingListTests;
			productName = ShoppingListTests;
			productReference = 0416351B1F636AEA008460E7 /* ShoppingListTests.xctest */;
			productType = "com.apple.product-type.bundle.unit-test";
		};
		041635251F636AEA008460E7 /* ShoppingListUITests */ = {
			isa = PBXNativeTarget;
			buildConfigurationList = 041635351F636AEA008460E7 /* Build configuration list for PBXNativeTarget "ShoppingListUITests" */;
			buildPhases = (
				041635221F636AEA008460E7 /* Sources */,
				041635231F636AEA008460E7 /* Frameworks */,
				041635241F636AEA008460E7 /* Resources */,
			);
			buildRules = (
			);
			dependencies = (
				041635281F636AEA008460E7 /* PBXTargetDependency */,
			);
			name = ShoppingListUITests;
			productName = ShoppingListUITests;
			productReference = 041635261F636AEA008460E7 /* ShoppingListUITests.xctest */;
			productType = "com.apple.product-type.bundle.ui-testing";
		};
/* End PBXNativeTarget section */

/* Begin PBXProject section */
		041634FD1F636AEA008460E7 /* Project object */ = {
			isa = PBXProject;
			attributes = {
				LastSwiftUpdateCheck = 0730;
				LastUpgradeCheck = 0900;
				ORGANIZATIONNAME = Mac;
				TargetAttributes = {
					041635041F636AEA008460E7 = {
						CreatedOnToolsVersion = 7.3;
						DevelopmentTeam = PBJ6K8E734;
						LastSwiftMigration = 0900;
					};
					0416351A1F636AEA008460E7 = {
						CreatedOnToolsVersion = 7.3;
						LastSwiftMigration = 0830;
						TestTargetID = 041635041F636AEA008460E7;
					};
					041635251F636AEA008460E7 = {
						CreatedOnToolsVersion = 7.3;
						LastSwiftMigration = 0830;
						TestTargetID = 041635041F636AEA008460E7;
					};
				};
			};
			buildConfigurationList = 041635001F636AEA008460E7 /* Build configuration list for PBXProject "ShoppingList" */;
			compatibilityVersion = "Xcode 3.2";
			developmentRegion = English;
			hasScannedForEncodings = 0;
			knownRegions = (
				en,
				Base,
			);
			mainGroup = 041634FC1F636AEA008460E7;
			productRefGroup = 041635061F636AEA008460E7 /* Products */;
			projectDirPath = "";
			projectRoot = "";
			targets = (
				041635041F636AEA008460E7 /* ShoppingList */,
				0416351A1F636AEA008460E7 /* ShoppingListTests */,
				041635251F636AEA008460E7 /* ShoppingListUITests */,
			);
		};
/* End PBXProject section */

/* Begin PBXResourcesBuildPhase section */
		041635031F636AEA008460E7 /* Resources */ = {
			isa = PBXResourcesBuildPhase;
			buildActionMask = 2147483647;
			files = (
				041635151F636AEA008460E7 /* LaunchScreen.storyboard in Resources */,
				041635121F636AEA008460E7 /* Assets.xcassets in Resources */,
				041635101F636AEA008460E7 /* Main.storyboard in Resources */,
			);
			runOnlyForDeploymentPostprocessing = 0;
		};
		041635191F636AEA008460E7 /* Resources */ = {
			isa = PBXResourcesBuildPhase;
			buildActionMask = 2147483647;
			files = (
			);
			runOnlyForDeploymentPostprocessing = 0;
		};
		041635241F636AEA008460E7 /* Resources */ = {
			isa = PBXResourcesBuildPhase;
			buildActionMask = 2147483647;
			files = (
			);
			runOnlyForDeploymentPostprocessing = 0;
		};
/* End PBXResourcesBuildPhase section */

/* Begin PBXSourcesBuildPhase section */
		041635011F636AEA008460E7 /* Sources */ = {
			isa = PBXSourcesBuildPhase;
			buildActionMask = 2147483647;
			files = (
				04C671111F63850000FC1759 /* SLMainTableViewController.swift in Sources */,
				04017A241F6522BD00F96AC3 /* SLEditViewController.swift in Sources */,
				0416353A1F636FC6008460E7 /* SLShoppingListData.swift in Sources */,
				041635091F636AEA008460E7 /* AppDelegate.swift in Sources */,
			);
			runOnlyForDeploymentPostprocessing = 0;
		};
		041635171F636AEA008460E7 /* Sources */ = {
			isa = PBXSourcesBuildPhase;
			buildActionMask = 2147483647;
			files = (
				041635201F636AEA008460E7 /* ShoppingListTests.swift in Sources */,
			);
			runOnlyForDeploymentPostprocessing = 0;
		};
		041635221F636AEA008460E7 /* Sources */ = {
			isa = PBXSourcesBuildPhase;
			buildActionMask = 2147483647;
			files = (
				0416352B1F636AEA008460E7 /* ShoppingListUITests.swift in Sources */,
			);
			runOnlyForDeploymentPostprocessing = 0;
		};
/* End PBXSourcesBuildPhase section */

/* Begin PBXTargetDependency section */
		0416351D1F636AEA008460E7 /* PBXTargetDependency */ = {
			isa = PBXTargetDependency;
			target = 041635041F636AEA008460E7 /* ShoppingList */;
			targetProxy = 0416351C1F636AEA008460E7 /* PBXContainerItemProxy */;
		};
		041635281F636AEA008460E7 /* PBXTargetDependency */ = {
			isa = PBXTargetDependency;
			target = 041635041F636AEA008460E7 /* ShoppingList */;
			targetProxy = 041635271F636AEA008460E7 /* PBXContainerItemProxy */;
		};
/* End PBXTargetDependency section */

/* Begin PBXVariantGroup section */
		0416350E1F636AEA008460E7 /* Main.storyboard */ = {
			isa = PBXVariantGroup;
			children = (
				0416350F1F636AEA008460E7 /* Base */,
			);
			name = Main.storyboard;
			sourceTree = "<group>";
		};
		041635131F636AEA008460E7 /* LaunchScreen.storyboard */ = {
			isa = PBXVariantGroup;
			children = (
				041635141F636AEA008460E7 /* Base */,
			);
			name = LaunchScreen.storyboard;
			sourceTree = "<group>";
		};
/* End PBXVariantGroup section */

/* Begin XCBuildConfiguration section */
		0416352D1F636AEA008460E7 /* Debug */ = {
			isa = XCBuildConfiguration;
			buildSettings = {
				ALWAYS_SEARCH_USER_PATHS = NO;
				CLANG_ANALYZER_NONNULL = YES;
				CLANG_CXX_LANGUAGE_STANDARD = "gnu++0x";
				CLANG_CXX_LIBRARY = "libc++";
				CLANG_ENABLE_MODULES = YES;
				CLANG_ENABLE_OBJC_ARC = YES;
				CLANG_WARN_BLOCK_CAPTURE_AUTORELEASING = YES;
				CLANG_WARN_BOOL_CONVERSION = YES;
				CLANG_WARN_COMMA = YES;
				CLANG_WARN_CONSTANT_CONVERSION = YES;
				CLANG_WARN_DIRECT_OBJC_ISA_USAGE = YES_ERROR;
				CLANG_WARN_EMPTY_BODY = YES;
				CLANG_WARN_ENUM_CONVERSION = YES;
				CLANG_WARN_INFINITE_RECURSION = YES;
				CLANG_WARN_INT_CONVERSION = YES;
				CLANG_WARN_NON_LITERAL_NULL_CONVERSION = YES;
				CLANG_WARN_OBJC_LITERAL_CONVERSION = YES;
				CLANG_WARN_OBJC_ROOT_CLASS = YES_ERROR;
				CLANG_WARN_RANGE_LOOP_ANALYSIS = YES;
				CLANG_WARN_STRICT_PROTOTYPES = YES;
				CLANG_WARN_SUSPICIOUS_MOVE = YES;
				CLANG_WARN_UNREACHABLE_CODE = YES;
				CLANG_WARN__DUPLICATE_METHOD_MATCH = YES;
				"CODE_SIGN_IDENTITY[sdk=iphoneos*]" = "iPhone Developer";
				COPY_PHASE_STRIP = NO;
				DEBUG_INFORMATION_FORMAT = dwarf;
				ENABLE_STRICT_OBJC_MSGSEND = YES;
				ENABLE_TESTABILITY = YES;
				GCC_C_LANGUAGE_STANDARD = gnu99;
				GCC_DYNAMIC_NO_PIC = NO;
				GCC_NO_COMMON_BLOCKS = YES;
				GCC_OPTIMIZATION_LEVEL = 0;
				GCC_PREPROCESSOR_DEFINITIONS = (
					"DEBUG=1",
					"$(inherited)",
				);
				GCC_WARN_64_TO_32_BIT_CONVERSION = YES;
				GCC_WARN_ABOUT_RETURN_TYPE = YES_ERROR;
				GCC_WARN_UNDECLARED_SELECTOR = YES;
				GCC_WARN_UNINITIALIZED_AUTOS = YES_AGGRESSIVE;
				GCC_WARN_UNUSED_FUNCTION = YES;
				GCC_WARN_UNUSED_VARIABLE = YES;
				IPHONEOS_DEPLOYMENT_TARGET = 10.0;
				MTL_ENABLE_DEBUG_INFO = YES;
				ONLY_ACTIVE_ARCH = YES;
				SDKROOT = iphoneos;
				SWIFT_OPTIMIZATION_LEVEL = "-Onone";
				TARGETED_DEVICE_FAMILY = "1,2";
			};
			name = Debug;
		};
		0416352E1F636AEA008460E7 /* Release */ = {
			isa = XCBuildConfiguration;
			buildSettings = {
				ALWAYS_SEARCH_USER_PATHS = NO;
				CLANG_ANALYZER_NONNULL = YES;
				CLANG_CXX_LANGUAGE_STANDARD = "gnu++0x";
				CLANG_CXX_LIBRARY = "libc++";
				CLANG_ENABLE_MODULES = YES;
				CLANG_ENABLE_OBJC_ARC = YES;
				CLANG_WARN_BLOCK_CAPTURE_AUTORELEASING = YES;
				CLANG_WARN_BOOL_CONVERSION = YES;
				CLANG_WARN_COMMA = YES;
				CLANG_WARN_CONSTANT_CONVERSION = YES;
				CLANG_WARN_DIRECT_OBJC_ISA_USAGE = YES_ERROR;
				CLANG_WARN_EMPTY_BODY = YES;
				CLANG_WARN_ENUM_CONVERSION = YES;
				CLANG_WARN_INFINITE_RECURSION = YES;
				CLANG_WARN_INT_CONVERSION = YES;
				CLANG_WARN_NON_LITERAL_NULL_CONVERSION = YES;
				CLANG_WARN_OBJC_LITERAL_CONVERSION = YES;
				CLANG_WARN_OBJC_ROOT_CLASS = YES_ERROR;
				CLANG_WARN_RANGE_LOOP_ANALYSIS = YES;
				CLANG_WARN_STRICT_PROTOTYPES = YES;
				CLANG_WARN_SUSPICIOUS_MOVE = YES;
				CLANG_WARN_UNREACHABLE_CODE = YES;
				CLANG_WARN__DUPLICATE_METHOD_MATCH = YES;
				"CODE_SIGN_IDENTITY[sdk=iphoneos*]" = "iPhone Developer";
				COPY_PHASE_STRIP = NO;
				DEBUG_INFORMATION_FORMAT = "dwarf-with-dsym";
				ENABLE_NS_ASSERTIONS = NO;
				ENABLE_STRICT_OBJC_MSGSEND = YES;
				GCC_C_LANGUAGE_STANDARD = gnu99;
				GCC_NO_COMMON_BLOCKS = YES;
				GCC_WARN_64_TO_32_BIT_CONVERSION = YES;
				GCC_WARN_ABOUT_RETURN_TYPE = YES_ERROR;
				GCC_WARN_UNDECLARED_SELECTOR = YES;
				GCC_WARN_UNINITIALIZED_AUTOS = YES_AGGRESSIVE;
				GCC_WARN_UNUSED_FUNCTION = YES;
				GCC_WARN_UNUSED_VARIABLE = YES;
				IPHONEOS_DEPLOYMENT_TARGET = 10.0;
				MTL_ENABLE_DEBUG_INFO = NO;
				SDKROOT = iphoneos;
				SWIFT_OPTIMIZATION_LEVEL = "-Owholemodule";
				TARGETED_DEVICE_FAMILY = "1,2";
				VALIDATE_PRODUCT = YES;
			};
			name = Release;
		};
		041635301F636AEA008460E7 /* Debug */ = {
			isa = XCBuildConfiguration;
			buildSettings = {
				ASSETCATALOG_COMPILER_APPICON_NAME = AppIcon;
				CODE_SIGN_IDENTITY = "iPhone Developer";
				DEVELOPMENT_TEAM = PBJ6K8E734;
				INFOPLIST_FILE = ShoppingList/Info.plist;
				LD_RUNPATH_SEARCH_PATHS = "$(inherited) @executable_path/Frameworks";
				PRODUCT_BUNDLE_IDENTIFIER = "com.takanobu-sano.ShoppingList";
				PRODUCT_NAME = "$(TARGET_NAME)";
				SWIFT_SWIFT3_OBJC_INFERENCE = Off;
				SWIFT_VERSION = 4.0;
			};
			name = Debug;
		};
		041635311F636AEA008460E7 /* Release */ = {
			isa = XCBuildConfiguration;
			buildSettings = {
				ASSETCATALOG_COMPILER_APPICON_NAME = AppIcon;
				CODE_SIGN_IDENTITY = "iPhone Developer";
				DEVELOPMENT_TEAM = PBJ6K8E734;
				INFOPLIST_FILE = ShoppingList/Info.plist;
				LD_RUNPATH_SEARCH_PATHS = "$(inherited) @executable_path/Frameworks";
				PRODUCT_BUNDLE_IDENTIFIER = "com.takanobu-sano.ShoppingList";
				PRODUCT_NAME = "$(TARGET_NAME)";
				SWIFT_SWIFT3_OBJC_INFERENCE = Off;
				SWIFT_VERSION = 4.0;
			};
			name = Release;
		};
		041635331F636AEA008460E7 /* Debug */ = {
			isa = XCBuildConfiguration;
			buildSettings = {
				BUNDLE_LOADER = "$(TEST_HOST)";
				INFOPLIST_FILE = ShoppingListTests/Info.plist;
				LD_RUNPATH_SEARCH_PATHS = "$(inherited) @executable_path/Frameworks @loader_path/Frameworks";
				PRODUCT_BUNDLE_IDENTIFIER = "com.takanobu-sano.ShoppingListTests";
				PRODUCT_NAME = "$(TARGET_NAME)";
				SWIFT_VERSION = 3.0;
				TEST_HOST = "$(BUILT_PRODUCTS_DIR)/ShoppingList.app/ShoppingList";
			};
			name = Debug;
		};
		041635341F636AEA008460E7 /* Release */ = {
			isa = XCBuildConfiguration;
			buildSettings = {
				BUNDLE_LOADER = "$(TEST_HOST)";
				INFOPLIST_FILE = ShoppingListTests/Info.plist;
				LD_RUNPATH_SEARCH_PATHS = "$(inherited) @executable_path/Frameworks @loader_path/Frameworks";
				PRODUCT_BUNDLE_IDENTIFIER = "com.takanobu-sano.ShoppingListTests";
				PRODUCT_NAME = "$(TARGET_NAME)";
				SWIFT_VERSION = 3.0;
				TEST_HOST = "$(BUILT_PRODUCTS_DIR)/ShoppingList.app/ShoppingList";
			};
			name = Release;
		};
		041635361F636AEA008460E7 /* Debug */ = {
			isa = XCBuildConfiguration;
			buildSettings = {
				INFOPLIST_FILE = ShoppingListUITests/Info.plist;
				LD_RUNPATH_SEARCH_PATHS = "$(inherited) @executable_path/Frameworks @loader_path/Frameworks";
				PRODUCT_BUNDLE_IDENTIFIER = "com.takanobu-sano.ShoppingListUITests";
				PRODUCT_NAME = "$(TARGET_NAME)";
				SWIFT_VERSION = 3.0;
				TEST_TARGET_NAME = ShoppingList;
			};
			name = Debug;
		};
		041635371F636AEA008460E7 /* Release */ = {
			isa = XCBuildConfiguration;
			buildSettings = {
				INFOPLIST_FILE = ShoppingListUITests/Info.plist;
				LD_RUNPATH_SEARCH_PATHS = "$(inherited) @executable_path/Frameworks @loader_path/Frameworks";
				PRODUCT_BUNDLE_IDENTIFIER = "com.takanobu-sano.ShoppingListUITests";
				PRODUCT_NAME = "$(TARGET_NAME)";
				SWIFT_VERSION = 3.0;
				TEST_TARGET_NAME = ShoppingList;
			};
			name = Release;
		};
/* End XCBuildConfiguration section */

/* Begin XCConfigurationList section */
		041635001F636AEA008460E7 /* Build configuration list for PBXProject "ShoppingList" */ = {
			isa = XCConfigurationList;
			buildConfigurations = (
				0416352D1F636AEA008460E7 /* Debug */,
				0416352E1F636AEA008460E7 /* Release */,
			);
			defaultConfigurationIsVisible = 0;
			defaultConfigurationName = Release;
		};
		0416352F1F636AEA008460E7 /* Build configuration list for PBXNativeTarget "ShoppingList" */ = {
			isa = XCConfigurationList;
			buildConfigurations = (
				041635301F636AEA008460E7 /* Debug */,
				041635311F636AEA008460E7 /* Release */,
			);
			defaultConfigurationIsVisible = 0;
			defaultConfigurationName = Release;
		};
		041635321F636AEA008460E7 /* Build configuration list for PBXNativeTarget "ShoppingListTests" */ = {
			isa = XCConfigurationList;
			buildConfigurations = (
				041635331F636AEA008460E7 /* Debug */,
				041635341F636AEA008460E7 /* Release */,
			);
			defaultConfigurationIsVisible = 0;
			defaultConfigurationName = Release;
		};
		041635351F636AEA008460E7 /* Build configuration list for PBXNativeTarget "ShoppingListUITests" */ = {
			isa = XCConfigurationList;
			buildConfigurations = (
				041635361F636AEA008460E7 /* Debug */,
				041635371F636AEA008460E7 /* Release */,
			);
			defaultConfigurationIsVisible = 0;
			defaultConfigurationName = Release;
		};
/* End XCConfigurationList section */
	};
	rootObject = 041634FD1F636AEA008460E7 /* Project object */;
}
